// !$*UTF8*$!
{
	archiveVersion = 1;
	classes = {
	};
	objectVersion = 55;
	objects = {

/* Begin PBXBuildFile section */
		5D2C97FF26D285C6005037AA /* register_swiftuiApp.swift in Sources */ = {isa = PBXBuildFile; fileRef = 5D2C97FE26D285C6005037AA /* register_swiftuiApp.swift */; };
		5D2C980126D285C6005037AA /* ContentView.swift in Sources */ = {isa = PBXBuildFile; fileRef = 5D2C980026D285C6005037AA /* ContentView.swift */; };
		5D2C980326D285C7005037AA /* Assets.xcassets in Resources */ = {isa = PBXBuildFile; fileRef = 5D2C980226D285C7005037AA /* Assets.xcassets */; };
		5D2C980626D285C7005037AA /* Preview Assets.xcassets in Resources */ = {isa = PBXBuildFile; fileRef = 5D2C980526D285C7005037AA /* Preview Assets.xcassets */; };
		5D2C980E26D2A880005037AA /* TextFieldFormView.swift in Sources */ = {isa = PBXBuildFile; fileRef = 5D2C980D26D2A880005037AA /* TextFieldFormView.swift */; };
		5D2C981126D2B912005037AA /* FormItem.swift in Sources */ = {isa = PBXBuildFile; fileRef = 5D2C981026D2B912005037AA /* FormItem.swift */; };
		5D2C981426D2BAFA005037AA /* FormContentBuilder.swift in Sources */ = {isa = PBXBuildFile; fileRef = 5D2C981326D2BAFA005037AA /* FormContentBuilder.swift */; };
		5D2C981826D37BA0005037AA /* RegexPatterns.swift in Sources */ = {isa = PBXBuildFile; fileRef = 5D2C981726D37BA0005037AA /* RegexPatterns.swift */; };
		5D2C981B26D37C71005037AA /* RegexFormItem.swift in Sources */ = {isa = PBXBuildFile; fileRef = 5D2C981A26D37C71005037AA /* RegexFormItem.swift */; };
		5D2C981E26D37CAA005037AA /* ValidationError.swift in Sources */ = {isa = PBXBuildFile; fileRef = 5D2C981D26D37CAA005037AA /* ValidationError.swift */; };
		5D2C982126D37D3D005037AA /* ValidationManager.swift in Sources */ = {isa = PBXBuildFile; fileRef = 5D2C982026D37D3D005037AA /* ValidationManager.swift */; };
		5D2C982426D3A75A005037AA /* RegisterVM.swift in Sources */ = {isa = PBXBuildFile; fileRef = 5D2C982326D3A75A005037AA /* RegisterVM.swift */; };
		5D2C982726D3C197005037AA /* PasswordFormView.swift in Sources */ = {isa = PBXBuildFile; fileRef = 5D2C982626D3C197005037AA /* PasswordFormView.swift */; };
		5D2C982926D3FD40005037AA /* PasswordStrengthView.swift in Sources */ = {isa = PBXBuildFile; fileRef = 5D2C982826D3FD40005037AA /* PasswordStrengthView.swift */; };
/* End PBXBuildFile section */

/* Begin PBXFileReference section */
		5D2C97FB26D285C6005037AA /* register-swiftui.app */ = {isa = PBXFileReference; explicitFileType = wrapper.application; includeInIndex = 0; path = "register-swiftui.app"; sourceTree = BUILT_PRODUCTS_DIR; };
		5D2C97FE26D285C6005037AA /* register_swiftuiApp.swift */ = {isa = PBXFileReference; lastKnownFileType = sourcecode.swift; path = register_swiftuiApp.swift; sourceTree = "<group>"; };
		5D2C980026D285C6005037AA /* ContentView.swift */ = {isa = PBXFileReference; lastKnownFileType = sourcecode.swift; path = ContentView.swift; sourceTree = "<group>"; };
		5D2C980226D285C7005037AA /* Assets.xcassets */ = {isa = PBXFileReference; lastKnownFileType = folder.assetcatalog; path = Assets.xcassets; sourceTree = "<group>"; };
		5D2C980526D285C7005037AA /* Preview Assets.xcassets */ = {isa = PBXFileReference; lastKnownFileType = folder.assetcatalog; path = "Preview Assets.xcassets"; sourceTree = "<group>"; };
		5D2C980D26D2A880005037AA /* TextFieldFormView.swift */ = {isa = PBXFileReference; lastKnownFileType = sourcecode.swift; path = TextFieldFormView.swift; sourceTree = "<group>"; };
		5D2C981026D2B912005037AA /* FormItem.swift */ = {isa = PBXFileReference; lastKnownFileType = sourcecode.swift; path = FormItem.swift; sourceTree = "<group>"; };
		5D2C981326D2BAFA005037AA /* FormContentBuilder.swift */ = {isa = PBXFileReference; lastKnownFileType = sourcecode.swift; path = FormContentBuilder.swift; sourceTree = "<group>"; };
		5D2C981726D37BA0005037AA /* RegexPatterns.swift */ = {isa = PBXFileReference; lastKnownFileType = sourcecode.swift; path = RegexPatterns.swift; sourceTree = "<group>"; };
		5D2C981A26D37C71005037AA /* RegexFormItem.swift */ = {isa = PBXFileReference; lastKnownFileType = sourcecode.swift; path = RegexFormItem.swift; sourceTree = "<group>"; };
		5D2C981D26D37CAA005037AA /* ValidationError.swift */ = {isa = PBXFileReference; lastKnownFileType = sourcecode.swift; path = ValidationError.swift; sourceTree = "<group>"; };
		5D2C982026D37D3D005037AA /* ValidationManager.swift */ = {isa = PBXFileReference; lastKnownFileType = sourcecode.swift; path = ValidationManager.swift; sourceTree = "<group>"; };
		5D2C982326D3A75A005037AA /* RegisterVM.swift */ = {isa = PBXFileReference; lastKnownFileType = sourcecode.swift; path = RegisterVM.swift; sourceTree = "<group>"; };
		5D2C982626D3C197005037AA /* PasswordFormView.swift */ = {isa = PBXFileReference; lastKnownFileType = sourcecode.swift; path = PasswordFormView.swift; sourceTree = "<group>"; };
		5D2C982826D3FD40005037AA /* PasswordStrengthView.swift */ = {isa = PBXFileReference; lastKnownFileType = sourcecode.swift; path = PasswordStrengthView.swift; sourceTree = "<group>"; };
/* End PBXFileReference section */

/* Begin PBXFrameworksBuildPhase section */
		5D2C97F826D285C5005037AA /* Frameworks */ = {
			isa = PBXFrameworksBuildPhase;
			buildActionMask = 2147483647;
			files = (
			);
			runOnlyForDeploymentPostprocessing = 0;
		};
/* End PBXFrameworksBuildPhase section */

/* Begin PBXGroup section */
		5D2C97F226D285C5005037AA = {
			isa = PBXGroup;
			children = (
				5D2C97FD26D285C6005037AA /* register-swiftui */,
				5D2C97FC26D285C6005037AA /* Products */,
			);
			sourceTree = "<group>";
		};
		5D2C97FC26D285C6005037AA /* Products */ = {
			isa = PBXGroup;
			children = (
				5D2C97FB26D285C6005037AA /* register-swiftui.app */,
			);
			name = Products;
			sourceTree = "<group>";
		};
		5D2C97FD26D285C6005037AA /* register-swiftui */ = {
			isa = PBXGroup;
			children = (
				5D2C980C26D2A869005037AA /* Register */,
				5D2C97FE26D285C6005037AA /* register_swiftuiApp.swift */,
				5D2C980026D285C6005037AA /* ContentView.swift */,
				5D2C980226D285C7005037AA /* Assets.xcassets */,
				5D2C980426D285C7005037AA /* Preview Content */,
			);
			path = "register-swiftui";
			sourceTree = "<group>";
		};
		5D2C980426D285C7005037AA /* Preview Content */ = {
			isa = PBXGroup;
			children = (
				5D2C980526D285C7005037AA /* Preview Assets.xcassets */,
			);
			path = "Preview Content";
			sourceTree = "<group>";
		};
		5D2C980C26D2A869005037AA /* Register */ = {
			isa = PBXGroup;
			children = (
				5D2C982526D3C185005037AA /* Views */,
				5D2C982226D3A74C005037AA /* Viewmodel */,
				5D2C981526D37B89005037AA /* Regex */,
				5D2C981226D2BAEC005037AA /* Builder */,
				5D2C980F26D2B903005037AA /* Model */,
			);
			path = Register;
			sourceTree = "<group>";
		};
		5D2C980F26D2B903005037AA /* Model */ = {
			isa = PBXGroup;
			children = (
				5D2C981026D2B912005037AA /* FormItem.swift */,
			);
			path = Model;
			sourceTree = "<group>";
		};
		5D2C981226D2BAEC005037AA /* Builder */ = {
			isa = PBXGroup;
			children = (
				5D2C981326D2BAFA005037AA /* FormContentBuilder.swift */,
			);
			path = Builder;
			sourceTree = "<group>";
		};
		5D2C981526D37B89005037AA /* Regex */ = {
			isa = PBXGroup;
			children = (
				5D2C981F26D37D2F005037AA /* Manager */,
				5D2C981C26D37C9B005037AA /* Error */,
				5D2C981926D37C66005037AA /* Model */,
				5D2C981626D37B8E005037AA /* Patterns */,
			);
			path = Regex;
			sourceTree = "<group>";
		};
		5D2C981626D37B8E005037AA /* Patterns */ = {
			isa = PBXGroup;
			children = (
				5D2C981726D37BA0005037AA /* RegexPatterns.swift */,
			);
			path = Patterns;
			sourceTree = "<group>";
		};
		5D2C981926D37C66005037AA /* Model */ = {
			isa = PBXGroup;
			children = (
				5D2C981A26D37C71005037AA /* RegexFormItem.swift */,
			);
			path = Model;
			sourceTree = "<group>";
		};
		5D2C981C26D37C9B005037AA /* Error */ = {
			isa = PBXGroup;
			children = (
				5D2C981D26D37CAA005037AA /* ValidationError.swift */,
			);
			path = Error;
			sourceTree = "<group>";
		};
		5D2C981F26D37D2F005037AA /* Manager */ = {
			isa = PBXGroup;
			children = (
				5D2C982026D37D3D005037AA /* ValidationManager.swift */,
			);
			path = Manager;
			sourceTree = "<group>";
		};
		5D2C982226D3A74C005037AA /* Viewmodel */ = {
			isa = PBXGroup;
			children = (
				5D2C982326D3A75A005037AA /* RegisterVM.swift */,
			);
			path = Viewmodel;
			sourceTree = "<group>";
		};
		5D2C982526D3C185005037AA /* Views */ = {
			isa = PBXGroup;
			children = (
				5D2C980D26D2A880005037AA /* TextFieldFormView.swift */,
				5D2C982626D3C197005037AA /* PasswordFormView.swift */,
				5D2C982826D3FD40005037AA /* PasswordStrengthView.swift */,
			);
			path = Views;
			sourceTree = "<group>";
		};
/* End PBXGroup section */

/* Begin PBXNativeTarget section */
		5D2C97FA26D285C5005037AA /* register-swiftui */ = {
			isa = PBXNativeTarget;
			buildConfigurationList = 5D2C980926D285C7005037AA /* Build configuration list for PBXNativeTarget "register-swiftui" */;
			buildPhases = (
				5D2C97F726D285C5005037AA /* Sources */,
				5D2C97F826D285C5005037AA /* Frameworks */,
				5D2C97F926D285C5005037AA /* Resources */,
			);
			buildRules = (
			);
			dependencies = (
			);
			name = "register-swiftui";
			productName = "register-swiftui";
			productReference = 5D2C97FB26D285C6005037AA /* register-swiftui.app */;
			productType = "com.apple.product-type.application";
		};
/* End PBXNativeTarget section */

/* Begin PBXProject section */
		5D2C97F326D285C5005037AA /* Project object */ = {
			isa = PBXProject;
			attributes = {
				BuildIndependentTargetsInParallel = 1;
				LastSwiftUpdateCheck = 1300;
				LastUpgradeCheck = 1300;
				TargetAttributes = {
					5D2C97FA26D285C5005037AA = {
						CreatedOnToolsVersion = 13.0;
					};
				};
			};
			buildConfigurationList = 5D2C97F626D285C5005037AA /* Build configuration list for PBXProject "register-swiftui" */;
			compatibilityVersion = "Xcode 13.0";
			developmentRegion = en;
			hasScannedForEncodings = 0;
			knownRegions = (
				en,
				Base,
			);
			mainGroup = 5D2C97F226D285C5005037AA;
			productRefGroup = 5D2C97FC26D285C6005037AA /* Products */;
			projectDirPath = "";
			projectRoot = "";
			targets = (
				5D2C97FA26D285C5005037AA /* register-swiftui */,
			);
		};
/* End PBXProject section */

/* Begin PBXResourcesBuildPhase section */
		5D2C97F926D285C5005037AA /* Resources */ = {
			isa = PBXResourcesBuildPhase;
			buildActionMask = 2147483647;
			files = (
				5D2C980626D285C7005037AA /* Preview Assets.xcassets in Resources */,
				5D2C980326D285C7005037AA /* Assets.xcassets in Resources */,
			);
			runOnlyForDeploymentPostprocessing = 0;
		};
/* End PBXResourcesBuildPhase section */

/* Begin PBXSourcesBuildPhase section */
		5D2C97F726D285C5005037AA /* Sources */ = {
			isa = PBXSourcesBuildPhase;
			buildActionMask = 2147483647;
			files = (
				5D2C982726D3C197005037AA /* PasswordFormView.swift in Sources */,
				5D2C981B26D37C71005037AA /* RegexFormItem.swift in Sources */,
				5D2C982926D3FD40005037AA /* PasswordStrengthView.swift in Sources */,
				5D2C981426D2BAFA005037AA /* FormContentBuilder.swift in Sources */,
				5D2C981126D2B912005037AA /* FormItem.swift in Sources */,
				5D2C982426D3A75A005037AA /* RegisterVM.swift in Sources */,
				5D2C982126D37D3D005037AA /* ValidationManager.swift in Sources */,
				5D2C980126D285C6005037AA /* ContentView.swift in Sources */,
				5D2C980E26D2A880005037AA /* TextFieldFormView.swift in Sources */,
				5D2C981E26D37CAA005037AA /* ValidationError.swift in Sources */,
				5D2C981826D37BA0005037AA /* RegexPatterns.swift in Sources */,
				5D2C97FF26D285C6005037AA /* register_swiftuiApp.swift in Sources */,
			);
			runOnlyForDeploymentPostprocessing = 0;
		};
/* End PBXSourcesBuildPhase section */

/* Begin XCBuildConfiguration section */
		5D2C980726D285C7005037AA /* Debug */ = {
			isa = XCBuildConfiguration;
			buildSettings = {
				ALWAYS_SEARCH_USER_PATHS = NO;
				CLANG_ANALYZER_NONNULL = YES;
				CLANG_ANALYZER_NUMBER_OBJECT_CONVERSION = YES_AGGRESSIVE;
				CLANG_CXX_LANGUAGE_STANDARD = "gnu++17";
				CLANG_CXX_LIBRARY = "libc++";
				CLANG_ENABLE_MODULES = YES;
				CLANG_ENABLE_OBJC_ARC = YES;
				CLANG_ENABLE_OBJC_WEAK = YES;
				CLANG_WARN_BLOCK_CAPTURE_AUTORELEASING = YES;
				CLANG_WARN_BOOL_CONVERSION = YES;
				CLANG_WARN_COMMA = YES;
				CLANG_WARN_CONSTANT_CONVERSION = YES;
				CLANG_WARN_DEPRECATED_OBJC_IMPLEMENTATIONS = YES;
				CLANG_WARN_DIRECT_OBJC_ISA_USAGE = YES_ERROR;
				CLANG_WARN_DOCUMENTATION_COMMENTS = YES;
				CLANG_WARN_EMPTY_BODY = YES;
				CLANG_WARN_ENUM_CONVERSION = YES;
				CLANG_WARN_INFINITE_RECURSION = YES;
				CLANG_WARN_INT_CONVERSION = YES;
				CLANG_WARN_NON_LITERAL_NULL_CONVERSION = YES;
				CLANG_WARN_OBJC_IMPLICIT_RETAIN_SELF = YES;
				CLANG_WARN_OBJC_LITERAL_CONVERSION = YES;
				CLANG_WARN_OBJC_ROOT_CLASS = YES_ERROR;
				CLANG_WARN_QUOTED_INCLUDE_IN_FRAMEWORK_HEADER = YES;
				CLANG_WARN_RANGE_LOOP_ANALYSIS = YES;
				CLANG_WARN_STRICT_PROTOTYPES = YES;
				CLANG_WARN_SUSPICIOUS_MOVE = YES;
				CLANG_WARN_UNGUARDED_AVAILABILITY = YES_AGGRESSIVE;
				CLANG_WARN_UNREACHABLE_CODE = YES;
				CLANG_WARN__DUPLICATE_METHOD_MATCH = YES;
				COPY_PHASE_STRIP = NO;
				DEBUG_INFORMATION_FORMAT = dwarf;
				ENABLE_STRICT_OBJC_MSGSEND = YES;
				ENABLE_TESTABILITY = YES;
				GCC_C_LANGUAGE_STANDARD = gnu11;
				GCC_DYNAMIC_NO_PIC = NO;
				GCC_NO_COMMON_BLOCKS = YES;
				GCC_OPTIMIZATION_LEVEL = 0;
				GCC_PREPROCESSOR_DEFINITIONS = (
					"DEBUG=1",
					"$(inherited)",
				);
				GCC_WARN_64_TO_32_BIT_CONVERSION = YES;
				GCC_WARN_ABOUT_RETURN_TYPE = YES_ERROR;
				GCC_WARN_UNDECLARED_SELECTOR = YES;
				GCC_WARN_UNINITIALIZED_AUTOS = YES_AGGRESSIVE;
				GCC_WARN_UNUSED_FUNCTION = YES;
				GCC_WARN_UNUSED_VARIABLE = YES;
				IPHONEOS_DEPLOYMENT_TARGET = 15.0;
				MTL_ENABLE_DEBUG_INFO = INCLUDE_SOURCE;
				MTL_FAST_MATH = YES;
				ONLY_ACTIVE_ARCH = YES;
				SDKROOT = iphoneos;
				SWIFT_ACTIVE_COMPILATION_CONDITIONS = DEBUG;
				SWIFT_OPTIMIZATION_LEVEL = "-Onone";
			};
			name = Debug;
		};
		5D2C980826D285C7005037AA /* Release */ = {
			isa = XCBuildConfiguration;
			buildSettings = {
				ALWAYS_SEARCH_USER_PATHS = NO;
				CLANG_ANALYZER_NONNULL = YES;
				CLANG_ANALYZER_NUMBER_OBJECT_CONVERSION = YES_AGGRESSIVE;
				CLANG_CXX_LANGUAGE_STANDARD = "gnu++17";
				CLANG_CXX_LIBRARY = "libc++";
				CLANG_ENABLE_MODULES = YES;
				CLANG_ENABLE_OBJC_ARC = YES;
				CLANG_ENABLE_OBJC_WEAK = YES;
				CLANG_WARN_BLOCK_CAPTURE_AUTORELEASING = YES;
				CLANG_WARN_BOOL_CONVERSION = YES;
				CLANG_WARN_COMMA = YES;
				CLANG_WARN_CONSTANT_CONVERSION = YES;
				CLANG_WARN_DEPRECATED_OBJC_IMPLEMENTATIONS = YES;
				CLANG_WARN_DIRECT_OBJC_ISA_USAGE = YES_ERROR;
				CLANG_WARN_DOCUMENTATION_COMMENTS = YES;
				CLANG_WARN_EMPTY_BODY = YES;
				CLANG_WARN_ENUM_CONVERSION = YES;
				CLANG_WARN_INFINITE_RECURSION = YES;
				CLANG_WARN_INT_CONVERSION = YES;
				CLANG_WARN_NON_LITERAL_NULL_CONVERSION = YES;
				CLANG_WARN_OBJC_IMPLICIT_RETAIN_SELF = YES;
				CLANG_WARN_OBJC_LITERAL_CONVERSION = YES;
				CLANG_WARN_OBJC_ROOT_CLASS = YES_ERROR;
				CLANG_WARN_QUOTED_INCLUDE_IN_FRAMEWORK_HEADER = YES;
				CLANG_WARN_RANGE_LOOP_ANALYSIS = YES;
				CLANG_WARN_STRICT_PROTOTYPES = YES;
				CLANG_WARN_SUSPICIOUS_MOVE = YES;
				CLANG_WARN_UNGUARDED_AVAILABILITY = YES_AGGRESSIVE;
				CLANG_WARN_UNREACHABLE_CODE = YES;
				CLANG_WARN__DUPLICATE_METHOD_MATCH = YES;
				COPY_PHASE_STRIP = NO;
				DEBUG_INFORMATION_FORMAT = "dwarf-with-dsym";
				ENABLE_NS_ASSERTIONS = NO;
				ENABLE_STRICT_OBJC_MSGSEND = YES;
				GCC_C_LANGUAGE_STANDARD = gnu11;
				GCC_NO_COMMON_BLOCKS = YES;
				GCC_WARN_64_TO_32_BIT_CONVERSION = YES;
				GCC_WARN_ABOUT_RETURN_TYPE = YES_ERROR;
				GCC_WARN_UNDECLARED_SELECTOR = YES;
				GCC_WARN_UNINITIALIZED_AUTOS = YES_AGGRESSIVE;
				GCC_WARN_UNUSED_FUNCTION = YES;
				GCC_WARN_UNUSED_VARIABLE = YES;
				IPHONEOS_DEPLOYMENT_TARGET = 15.0;
				MTL_ENABLE_DEBUG_INFO = NO;
				MTL_FAST_MATH = YES;
				SDKROOT = iphoneos;
				SWIFT_COMPILATION_MODE = wholemodule;
				SWIFT_OPTIMIZATION_LEVEL = "-O";
				VALIDATE_PRODUCT = YES;
			};
			name = Release;
		};
		5D2C980A26D285C7005037AA /* Debug */ = {
			isa = XCBuildConfiguration;
			buildSettings = {
				ASSETCATALOG_COMPILER_APPICON_NAME = AppIcon;
				ASSETCATALOG_COMPILER_GLOBAL_ACCENT_COLOR_NAME = AccentColor;
				CODE_SIGN_STYLE = Automatic;
				CURRENT_PROJECT_VERSION = 1;
				DEVELOPMENT_ASSET_PATHS = "\"register-swiftui/Preview Content\"";
				DEVELOPMENT_TEAM = 3TWGFL8TCV;
				ENABLE_PREVIEWS = YES;
				GENERATE_INFOPLIST_FILE = YES;
				INFOPLIST_KEY_UIApplicationSceneManifest_Generation = YES;
				INFOPLIST_KEY_UIApplicationSupportsIndirectInputEvents = YES;
				INFOPLIST_KEY_UILaunchScreen_Generation = YES;
				INFOPLIST_KEY_UISupportedInterfaceOrientations_iPad = "UIInterfaceOrientationPortrait UIInterfaceOrientationPortraitUpsideDown UIInterfaceOrientationLandscapeLeft UIInterfaceOrientationLandscapeRight";
				INFOPLIST_KEY_UISupportedInterfaceOrientations_iPhone = "UIInterfaceOrientationPortrait UIInterfaceOrientationLandscapeLeft UIInterfaceOrientationLandscapeRight";
				IPHONEOS_DEPLOYMENT_TARGET = 14.0;
				LD_RUNPATH_SEARCH_PATHS = (
					"$(inherited)",
					"@executable_path/Frameworks",
				);
				MARKETING_VERSION = 1.0;
				PRODUCT_BUNDLE_IDENTIFIER = "com.andiasrafil.register-swiftui";
				PRODUCT_NAME = "$(TARGET_NAME)";
				SWIFT_EMIT_LOC_STRINGS = YES;
				SWIFT_VERSION = 5.0;
				TARGETED_DEVICE_FAMILY = "1,2";
			};
			name = Debug;
		};
		5D2C980B26D285C7005037AA /* Release */ = {
			isa = XCBuildConfiguration;
			buildSettings = {
				ASSETCATALOG_COMPILER_APPICON_NAME = AppIcon;
				ASSETCATALOG_COMPILER_GLOBAL_ACCENT_COLOR_NAME = AccentColor;
				CODE_SIGN_STYLE = Automatic;
				CURRENT_PROJECT_VERSION = 1;
				DEVELOPMENT_ASSET_PATHS = "\"register-swiftui/Preview Content\"";
				DEVELOPMENT_TEAM = 3TWGFL8TCV;
				ENABLE_PREVIEWS = YES;
				GENERATE_INFOPLIST_FILE = YES;
				INFOPLIST_KEY_UIApplicationSceneManifest_Generation = YES;
				INFOPLIST_KEY_UIApplicationSupportsIndirectInputEvents = YES;
				INFOPLIST_KEY_UILaunchScreen_Generation = YES;
				INFOPLIST_KEY_UISupportedInterfaceOrientations_iPad = "UIInterfaceOrientationPortrait UIInterfaceOrientationPortraitUpsideDown UIInterfaceOrientationLandscapeLeft UIInterfaceOrientationLandscapeRight";
				INFOPLIST_KEY_UISupportedInterfaceOrientations_iPhone = "UIInterfaceOrientationPortrait UIInterfaceOrientationLandscapeLeft UIInterfaceOrientationLandscapeRight";
				IPHONEOS_DEPLOYMENT_TARGET = 14.0;
				LD_RUNPATH_SEARCH_PATHS = (
					"$(inherited)",
					"@executable_path/Frameworks",
				);
				MARKETING_VERSION = 1.0;
				PRODUCT_BUNDLE_IDENTIFIER = "com.andiasrafil.register-swiftui";
				PRODUCT_NAME = "$(TARGET_NAME)";
				SWIFT_EMIT_LOC_STRINGS = YES;
				SWIFT_VERSION = 5.0;
				TARGETED_DEVICE_FAMILY = "1,2";
			};
			name = Release;
		};
/* End XCBuildConfiguration section */

/* Begin XCConfigurationList section */
		5D2C97F626D285C5005037AA /* Build configuration list for PBXProject "register-swiftui" */ = {
			isa = XCConfigurationList;
			buildConfigurations = (
				5D2C980726D285C7005037AA /* Debug */,
				5D2C980826D285C7005037AA /* Release */,
			);
			defaultConfigurationIsVisible = 0;
			defaultConfigurationName = Release;
		};
		5D2C980926D285C7005037AA /* Build configuration list for PBXNativeTarget "register-swiftui" */ = {
			isa = XCConfigurationList;
			buildConfigurations = (
				5D2C980A26D285C7005037AA /* Debug */,
				5D2C980B26D285C7005037AA /* Release */,
			);
			defaultConfigurationIsVisible = 0;
			defaultConfigurationName = Release;
		};
/* End XCConfigurationList section */
	};
	rootObject = 5D2C97F326D285C5005037AA /* Project object */;
}
